PODS:
  - EasyPeasy (1.9.0)
  - ScrollableSegmentedControl (1.5.0)

DEPENDENCIES:
  - EasyPeasy
  - ScrollableSegmentedControl

SPEC REPOS:
  https://github.com/CocoaPods/Specs.git:
    - EasyPeasy
    - ScrollableSegmentedControl

SPEC CHECKSUMS:
  EasyPeasy: 19a84ef8f8bbcf925b9fecc29d1d78b7dab96718
  ScrollableSegmentedControl: 2e64bbe8968a7fcd8aae5014434481464fcdfe60

PODFILE CHECKSUM: eda43ffff355e7fe2e5c4e7a6f998f0e2f8fa667

COCOAPODS: 1.9.3
